// !$*UTF8*$!
{
	archiveVersion = 1;
	classes = {
	};
	objectVersion = 56;
	objects = {

/* Begin PBXBuildFile section */
		D84E3F652BCEAD0700E43B13 /* ContentCollectionViewMainCell.swift in Sources */ = {isa = PBXBuildFile; fileRef = D84E3F642BCEAD0700E43B13 /* ContentCollectionViewMainCell.swift */; };
		D84E3F672BCEBD7B00E43B13 /* UIButton+Extension.swift in Sources */ = {isa = PBXBuildFile; fileRef = D84E3F662BCEBD7B00E43B13 /* UIButton+Extension.swift */; };
		D8BDDA9A2BCC0F1E00B862C9 /* ContentCollectionViewCell.swift in Sources */ = {isa = PBXBuildFile; fileRef = D8BDDA992BCC0F1E00B862C9 /* ContentCollectionViewCell.swift */; };
		D8BDDA9C2BCC178100B862C9 /* ContentCollectionViewHeader.swift in Sources */ = {isa = PBXBuildFile; fileRef = D8BDDA9B2BCC178100B862C9 /* ContentCollectionViewHeader.swift */; };
		D8DC0E222BCD714A00050219 /* ContentCollectionViewRankCell.swift in Sources */ = {isa = PBXBuildFile; fileRef = D8DC0E212BCD714A00050219 /* ContentCollectionViewRankCell.swift */; };
		D8F044592BCAC320000CA22C /* AppDelegate.swift in Sources */ = {isa = PBXBuildFile; fileRef = D8F044582BCAC320000CA22C /* AppDelegate.swift */; };
		D8F0445B2BCAC320000CA22C /* SceneDelegate.swift in Sources */ = {isa = PBXBuildFile; fileRef = D8F0445A2BCAC320000CA22C /* SceneDelegate.swift */; };
		D8F044622BCAC322000CA22C /* Assets.xcassets in Resources */ = {isa = PBXBuildFile; fileRef = D8F044612BCAC322000CA22C /* Assets.xcassets */; };
		D8F044652BCAC322000CA22C /* LaunchScreen.storyboard in Resources */ = {isa = PBXBuildFile; fileRef = D8F044632BCAC322000CA22C /* LaunchScreen.storyboard */; };
		D8F0446D2BCAC649000CA22C /* HomeViewController.swift in Sources */ = {isa = PBXBuildFile; fileRef = D8F0446C2BCAC649000CA22C /* HomeViewController.swift */; };
		D8F044702BCAC976000CA22C /* SnapKit in Frameworks */ = {isa = PBXBuildFile; productRef = D8F0446F2BCAC976000CA22C /* SnapKit */; };
		D8F044722BCAC976000CA22C /* SnapKit-Dynamic in Frameworks */ = {isa = PBXBuildFile; productRef = D8F044712BCAC976000CA22C /* SnapKit-Dynamic */; };
		D8F044742BCAD10A000CA22C /* Content.plist in Resources */ = {isa = PBXBuildFile; fileRef = D8F044732BCAD10A000CA22C /* Content.plist */; };
		D8F044762BCAD2D5000CA22C /* Content.swift in Sources */ = {isa = PBXBuildFile; fileRef = D8F044752BCAD2D5000CA22C /* Content.swift */; };
/* End PBXBuildFile section */

/* Begin PBXFileReference section */
		D84E3F642BCEAD0700E43B13 /* ContentCollectionViewMainCell.swift */ = {isa = PBXFileReference; lastKnownFileType = sourcecode.swift; path = ContentCollectionViewMainCell.swift; sourceTree = "<group>"; };
		D84E3F662BCEBD7B00E43B13 /* UIButton+Extension.swift */ = {isa = PBXFileReference; lastKnownFileType = sourcecode.swift; path = "UIButton+Extension.swift"; sourceTree = "<group>"; };
		D8BDDA992BCC0F1E00B862C9 /* ContentCollectionViewCell.swift */ = {isa = PBXFileReference; lastKnownFileType = sourcecode.swift; path = ContentCollectionViewCell.swift; sourceTree = "<group>"; };
		D8BDDA9B2BCC178100B862C9 /* ContentCollectionViewHeader.swift */ = {isa = PBXFileReference; lastKnownFileType = sourcecode.swift; path = ContentCollectionViewHeader.swift; sourceTree = "<group>"; };
		D8DC0E212BCD714A00050219 /* ContentCollectionViewRankCell.swift */ = {isa = PBXFileReference; lastKnownFileType = sourcecode.swift; path = ContentCollectionViewRankCell.swift; sourceTree = "<group>"; };
		D8F044552BCAC320000CA22C /* FaInt06NetflixStyle.app */ = {isa = PBXFileReference; explicitFileType = wrapper.application; includeInIndex = 0; path = FaInt06NetflixStyle.app; sourceTree = BUILT_PRODUCTS_DIR; };
		D8F044582BCAC320000CA22C /* AppDelegate.swift */ = {isa = PBXFileReference; lastKnownFileType = sourcecode.swift; path = AppDelegate.swift; sourceTree = "<group>"; };
		D8F0445A2BCAC320000CA22C /* SceneDelegate.swift */ = {isa = PBXFileReference; lastKnownFileType = sourcecode.swift; path = SceneDelegate.swift; sourceTree = "<group>"; };
		D8F044612BCAC322000CA22C /* Assets.xcassets */ = {isa = PBXFileReference; lastKnownFileType = folder.assetcatalog; path = Assets.xcassets; sourceTree = "<group>"; };
		D8F044642BCAC322000CA22C /* Base */ = {isa = PBXFileReference; lastKnownFileType = file.storyboard; name = Base; path = Base.lproj/LaunchScreen.storyboard; sourceTree = "<group>"; };
		D8F044662BCAC322000CA22C /* Info.plist */ = {isa = PBXFileReference; lastKnownFileType = text.plist.xml; path = Info.plist; sourceTree = "<group>"; };
		D8F0446C2BCAC649000CA22C /* HomeViewController.swift */ = {isa = PBXFileReference; lastKnownFileType = sourcecode.swift; path = HomeViewController.swift; sourceTree = "<group>"; };
		D8F044732BCAD10A000CA22C /* Content.plist */ = {isa = PBXFileReference; fileEncoding = 4; lastKnownFileType = text.plist.xml; path = Content.plist; sourceTree = "<group>"; };
		D8F044752BCAD2D5000CA22C /* Content.swift */ = {isa = PBXFileReference; lastKnownFileType = sourcecode.swift; path = Content.swift; sourceTree = "<group>"; };
/* End PBXFileReference section */

/* Begin PBXFrameworksBuildPhase section */
		D8F044522BCAC320000CA22C /* Frameworks */ = {
			isa = PBXFrameworksBuildPhase;
			buildActionMask = 2147483647;
			files = (
				D8F044702BCAC976000CA22C /* SnapKit in Frameworks */,
				D8F044722BCAC976000CA22C /* SnapKit-Dynamic in Frameworks */,
			);
			runOnlyForDeploymentPostprocessing = 0;
		};
/* End PBXFrameworksBuildPhase section */

/* Begin PBXGroup section */
		D8F0444C2BCAC31F000CA22C = {
			isa = PBXGroup;
			children = (
				D8F044572BCAC320000CA22C /* FaInt06NetflixStyle */,
				D8F044562BCAC320000CA22C /* Products */,
			);
			sourceTree = "<group>";
		};
		D8F044562BCAC320000CA22C /* Products */ = {
			isa = PBXGroup;
			children = (
				D8F044552BCAC320000CA22C /* FaInt06NetflixStyle.app */,
			);
			name = Products;
			sourceTree = "<group>";
		};
		D8F044572BCAC320000CA22C /* FaInt06NetflixStyle */ = {
			isa = PBXGroup;
			children = (
				D8F044582BCAC320000CA22C /* AppDelegate.swift */,
				D8F0445A2BCAC320000CA22C /* SceneDelegate.swift */,
				D8F044612BCAC322000CA22C /* Assets.xcassets */,
				D8F044632BCAC322000CA22C /* LaunchScreen.storyboard */,
				D8F044662BCAC322000CA22C /* Info.plist */,
				D8F044732BCAD10A000CA22C /* Content.plist */,
				D8F0446C2BCAC649000CA22C /* HomeViewController.swift */,
				D8BDDA9B2BCC178100B862C9 /* ContentCollectionViewHeader.swift */,
				D8BDDA992BCC0F1E00B862C9 /* ContentCollectionViewCell.swift */,
				D8F044752BCAD2D5000CA22C /* Content.swift */,
				D8DC0E212BCD714A00050219 /* ContentCollectionViewRankCell.swift */,
				D84E3F642BCEAD0700E43B13 /* ContentCollectionViewMainCell.swift */,
				D84E3F662BCEBD7B00E43B13 /* UIButton+Extension.swift */,
			);
			path = FaInt06NetflixStyle;
			sourceTree = "<group>";
		};
/* End PBXGroup section */

/* Begin PBXNativeTarget section */
		D8F044542BCAC320000CA22C /* FaInt06NetflixStyle */ = {
			isa = PBXNativeTarget;
			buildConfigurationList = D8F044692BCAC322000CA22C /* Build configuration list for PBXNativeTarget "FaInt06NetflixStyle" */;
			buildPhases = (
				D8F044512BCAC320000CA22C /* Sources */,
				D8F044522BCAC320000CA22C /* Frameworks */,
				D8F044532BCAC320000CA22C /* Resources */,
			);
			buildRules = (
			);
			dependencies = (
			);
			name = FaInt06NetflixStyle;
			packageProductDependencies = (
				D8F0446F2BCAC976000CA22C /* SnapKit */,
				D8F044712BCAC976000CA22C /* SnapKit-Dynamic */,
			);
			productName = FaInt06NetflixStyle;
			productReference = D8F044552BCAC320000CA22C /* FaInt06NetflixStyle.app */;
			productType = "com.apple.product-type.application";
		};
/* End PBXNativeTarget section */

/* Begin PBXProject section */
		D8F0444D2BCAC320000CA22C /* Project object */ = {
			isa = PBXProject;
			attributes = {
				BuildIndependentTargetsInParallel = 1;
				LastSwiftUpdateCheck = 1510;
				LastUpgradeCheck = 1510;
				TargetAttributes = {
					D8F044542BCAC320000CA22C = {
						CreatedOnToolsVersion = 15.1;
					};
				};
			};
			buildConfigurationList = D8F044502BCAC320000CA22C /* Build configuration list for PBXProject "FaInt06NetflixStyle" */;
			compatibilityVersion = "Xcode 14.0";
			developmentRegion = en;
			hasScannedForEncodings = 0;
			knownRegions = (
				en,
				Base,
			);
			mainGroup = D8F0444C2BCAC31F000CA22C;
			packageReferences = (
				D8F0446E2BCAC976000CA22C /* XCRemoteSwiftPackageReference "SnapKit" */,
			);
			productRefGroup = D8F044562BCAC320000CA22C /* Products */;
			projectDirPath = "";
			projectRoot = "";
			targets = (
				D8F044542BCAC320000CA22C /* FaInt06NetflixStyle */,
			);
		};
/* End PBXProject section */

/* Begin PBXResourcesBuildPhase section */
		D8F044532BCAC320000CA22C /* Resources */ = {
			isa = PBXResourcesBuildPhase;
			buildActionMask = 2147483647;
			files = (
				D8F044652BCAC322000CA22C /* LaunchScreen.storyboard in Resources */,
				D8F044622BCAC322000CA22C /* Assets.xcassets in Resources */,
				D8F044742BCAD10A000CA22C /* Content.plist in Resources */,
			);
			runOnlyForDeploymentPostprocessing = 0;
		};
/* End PBXResourcesBuildPhase section */

/* Begin PBXSourcesBuildPhase section */
		D8F044512BCAC320000CA22C /* Sources */ = {
			isa = PBXSourcesBuildPhase;
			buildActionMask = 2147483647;
			files = (
				D8F044592BCAC320000CA22C /* AppDelegate.swift in Sources */,
				D8BDDA9C2BCC178100B862C9 /* ContentCollectionViewHeader.swift in Sources */,
				D8F0445B2BCAC320000CA22C /* SceneDelegate.swift in Sources */,
				D8DC0E222BCD714A00050219 /* ContentCollectionViewRankCell.swift in Sources */,
				D8F0446D2BCAC649000CA22C /* HomeViewController.swift in Sources */,
				D84E3F672BCEBD7B00E43B13 /* UIButton+Extension.swift in Sources */,
				D84E3F652BCEAD0700E43B13 /* ContentCollectionViewMainCell.swift in Sources */,
				D8F044762BCAD2D5000CA22C /* Content.swift in Sources */,
				D8BDDA9A2BCC0F1E00B862C9 /* ContentCollectionViewCell.swift in Sources */,
			);
			runOnlyForDeploymentPostprocessing = 0;
		};
/* End PBXSourcesBuildPhase section */

/* Begin PBXVariantGroup section */
		D8F044632BCAC322000CA22C /* LaunchScreen.storyboard */ = {
			isa = PBXVariantGroup;
			children = (
				D8F044642BCAC322000CA22C /* Base */,
			);
			name = LaunchScreen.storyboard;
			sourceTree = "<group>";
		};
/* End PBXVariantGroup section */

/* Begin XCBuildConfiguration section */
		D8F044672BCAC322000CA22C /* Debug */ = {
			isa = XCBuildConfiguration;
			buildSettings = {
				ALWAYS_SEARCH_USER_PATHS = NO;
				ASSETCATALOG_COMPILER_GENERATE_SWIFT_ASSET_SYMBOL_EXTENSIONS = YES;
				CLANG_ANALYZER_NONNULL = YES;
				CLANG_ANALYZER_NUMBER_OBJECT_CONVERSION = YES_AGGRESSIVE;
				CLANG_CXX_LANGUAGE_STANDARD = "gnu++20";
				CLANG_ENABLE_MODULES = YES;
				CLANG_ENABLE_OBJC_ARC = YES;
				CLANG_ENABLE_OBJC_WEAK = YES;
				CLANG_WARN_BLOCK_CAPTURE_AUTORELEASING = YES;
				CLANG_WARN_BOOL_CONVERSION = YES;
				CLANG_WARN_COMMA = YES;
				CLANG_WARN_CONSTANT_CONVERSION = YES;
				CLANG_WARN_DEPRECATED_OBJC_IMPLEMENTATIONS = YES;
				CLANG_WARN_DIRECT_OBJC_ISA_USAGE = YES_ERROR;
				CLANG_WARN_DOCUMENTATION_COMMENTS = YES;
				CLANG_WARN_EMPTY_BODY = YES;
				CLANG_WARN_ENUM_CONVERSION = YES;
				CLANG_WARN_INFINITE_RECURSION = YES;
				CLANG_WARN_INT_CONVERSION = YES;
				CLANG_WARN_NON_LITERAL_NULL_CONVERSION = YES;
				CLANG_WARN_OBJC_IMPLICIT_RETAIN_SELF = YES;
				CLANG_WARN_OBJC_LITERAL_CONVERSION = YES;
				CLANG_WARN_OBJC_ROOT_CLASS = YES_ERROR;
				CLANG_WARN_QUOTED_INCLUDE_IN_FRAMEWORK_HEADER = YES;
				CLANG_WARN_RANGE_LOOP_ANALYSIS = YES;
				CLANG_WARN_STRICT_PROTOTYPES = YES;
				CLANG_WARN_SUSPICIOUS_MOVE = YES;
				CLANG_WARN_UNGUARDED_AVAILABILITY = YES_AGGRESSIVE;
				CLANG_WARN_UNREACHABLE_CODE = YES;
				CLANG_WARN__DUPLICATE_METHOD_MATCH = YES;
				COPY_PHASE_STRIP = NO;
				DEBUG_INFORMATION_FORMAT = dwarf;
				ENABLE_STRICT_OBJC_MSGSEND = YES;
				ENABLE_TESTABILITY = YES;
				ENABLE_USER_SCRIPT_SANDBOXING = YES;
				GCC_C_LANGUAGE_STANDARD = gnu17;
				GCC_DYNAMIC_NO_PIC = NO;
				GCC_NO_COMMON_BLOCKS = YES;
				GCC_OPTIMIZATION_LEVEL = 0;
				GCC_PREPROCESSOR_DEFINITIONS = (
					"DEBUG=1",
					"$(inherited)",
				);
				GCC_WARN_64_TO_32_BIT_CONVERSION = YES;
				GCC_WARN_ABOUT_RETURN_TYPE = YES_ERROR;
				GCC_WARN_UNDECLARED_SELECTOR = YES;
				GCC_WARN_UNINITIALIZED_AUTOS = YES_AGGRESSIVE;
				GCC_WARN_UNUSED_FUNCTION = YES;
				GCC_WARN_UNUSED_VARIABLE = YES;
				IPHONEOS_DEPLOYMENT_TARGET = 17.2;
				LOCALIZATION_PREFERS_STRING_CATALOGS = YES;
				MTL_ENABLE_DEBUG_INFO = INCLUDE_SOURCE;
				MTL_FAST_MATH = YES;
				ONLY_ACTIVE_ARCH = YES;
				SDKROOT = iphoneos;
				SWIFT_ACTIVE_COMPILATION_CONDITIONS = "DEBUG $(inherited)";
				SWIFT_OPTIMIZATION_LEVEL = "-Onone";
			};
			name = Debug;
		};
		D8F044682BCAC322000CA22C /* Release */ = {
			isa = XCBuildConfiguration;
			buildSettings = {
				ALWAYS_SEARCH_USER_PATHS = NO;
				ASSETCATALOG_COMPILER_GENERATE_SWIFT_ASSET_SYMBOL_EXTENSIONS = YES;
				CLANG_ANALYZER_NONNULL = YES;
				CLANG_ANALYZER_NUMBER_OBJECT_CONVERSION = YES_AGGRESSIVE;
				CLANG_CXX_LANGUAGE_STANDARD = "gnu++20";
				CLANG_ENABLE_MODULES = YES;
				CLANG_ENABLE_OBJC_ARC = YES;
				CLANG_ENABLE_OBJC_WEAK = YES;
				CLANG_WARN_BLOCK_CAPTURE_AUTORELEASING = YES;
				CLANG_WARN_BOOL_CONVERSION = YES;
				CLANG_WARN_COMMA = YES;
				CLANG_WARN_CONSTANT_CONVERSION = YES;
				CLANG_WARN_DEPRECATED_OBJC_IMPLEMENTATIONS = YES;
				CLANG_WARN_DIRECT_OBJC_ISA_USAGE = YES_ERROR;
				CLANG_WARN_DOCUMENTATION_COMMENTS = YES;
				CLANG_WARN_EMPTY_BODY = YES;
				CLANG_WARN_ENUM_CONVERSION = YES;
				CLANG_WARN_INFINITE_RECURSION = YES;
				CLANG_WARN_INT_CONVERSION = YES;
				CLANG_WARN_NON_LITERAL_NULL_CONVERSION = YES;
				CLANG_WARN_OBJC_IMPLICIT_RETAIN_SELF = YES;
				CLANG_WARN_OBJC_LITERAL_CONVERSION = YES;
				CLANG_WARN_OBJC_ROOT_CLASS = YES_ERROR;
				CLANG_WARN_QUOTED_INCLUDE_IN_FRAMEWORK_HEADER = YES;
				CLANG_WARN_RANGE_LOOP_ANALYSIS = YES;
				CLANG_WARN_STRICT_PROTOTYPES = YES;
				CLANG_WARN_SUSPICIOUS_MOVE = YES;
				CLANG_WARN_UNGUARDED_AVAILABILITY = YES_AGGRESSIVE;
				CLANG_WARN_UNREACHABLE_CODE = YES;
				CLANG_WARN__DUPLICATE_METHOD_MATCH = YES;
				COPY_PHASE_STRIP = NO;
				DEBUG_INFORMATION_FORMAT = "dwarf-with-dsym";
				ENABLE_NS_ASSERTIONS = NO;
				ENABLE_STRICT_OBJC_MSGSEND = YES;
				ENABLE_USER_SCRIPT_SANDBOXING = YES;
				GCC_C_LANGUAGE_STANDARD = gnu17;
				GCC_NO_COMMON_BLOCKS = YES;
				GCC_WARN_64_TO_32_BIT_CONVERSION = YES;
				GCC_WARN_ABOUT_RETURN_TYPE = YES_ERROR;
				GCC_WARN_UNDECLARED_SELECTOR = YES;
				GCC_WARN_UNINITIALIZED_AUTOS = YES_AGGRESSIVE;
				GCC_WARN_UNUSED_FUNCTION = YES;
				GCC_WARN_UNUSED_VARIABLE = YES;
				IPHONEOS_DEPLOYMENT_TARGET = 17.2;
				LOCALIZATION_PREFERS_STRING_CATALOGS = YES;
				MTL_ENABLE_DEBUG_INFO = NO;
				MTL_FAST_MATH = YES;
				SDKROOT = iphoneos;
				SWIFT_COMPILATION_MODE = wholemodule;
				VALIDATE_PRODUCT = YES;
			};
			name = Release;
		};
		D8F0446A2BCAC322000CA22C /* Debug */ = {
			isa = XCBuildConfiguration;
			buildSettings = {
				ASSETCATALOG_COMPILER_APPICON_NAME = AppIcon;
				ASSETCATALOG_COMPILER_GLOBAL_ACCENT_COLOR_NAME = AccentColor;
				CODE_SIGN_STYLE = Automatic;
				CURRENT_PROJECT_VERSION = 1;
				GENERATE_INFOPLIST_FILE = YES;
				INFOPLIST_FILE = FaInt06NetflixStyle/Info.plist;
				INFOPLIST_KEY_UIApplicationSupportsIndirectInputEvents = YES;
				INFOPLIST_KEY_UILaunchStoryboardName = LaunchScreen;
				INFOPLIST_KEY_UISupportedInterfaceOrientations_iPad = "UIInterfaceOrientationPortrait UIInterfaceOrientationPortraitUpsideDown UIInterfaceOrientationLandscapeLeft UIInterfaceOrientationLandscapeRight";
				INFOPLIST_KEY_UISupportedInterfaceOrientations_iPhone = "UIInterfaceOrientationPortrait UIInterfaceOrientationLandscapeLeft UIInterfaceOrientationLandscapeRight";
				LD_RUNPATH_SEARCH_PATHS = (
					"$(inherited)",
					"@executable_path/Frameworks",
				);
				MARKETING_VERSION = 1.0;
				PRODUCT_BUNDLE_IDENTIFIER = com.joe3524.FaInt06NetflixStyle;
				PRODUCT_NAME = "$(TARGET_NAME)";
				SWIFT_EMIT_LOC_STRINGS = YES;
				SWIFT_VERSION = 5.0;
				TARGETED_DEVICE_FAMILY = "1,2";
			};
			name = Debug;
		};
		D8F0446B2BCAC322000CA22C /* Release */ = {
			isa = XCBuildConfiguration;
			buildSettings = {
				ASSETCATALOG_COMPILER_APPICON_NAME = AppIcon;
				ASSETCATALOG_COMPILER_GLOBAL_ACCENT_COLOR_NAME = AccentColor;
				CODE_SIGN_STYLE = Automatic;
				CURRENT_PROJECT_VERSION = 1;
				GENERATE_INFOPLIST_FILE = YES;
				INFOPLIST_FILE = FaInt06NetflixStyle/Info.plist;
				INFOPLIST_KEY_UIApplicationSupportsIndirectInputEvents = YES;
				INFOPLIST_KEY_UILaunchStoryboardName = LaunchScreen;
				INFOPLIST_KEY_UISupportedInterfaceOrientations_iPad = "UIInterfaceOrientationPortrait UIInterfaceOrientationPortraitUpsideDown UIInterfaceOrientationLandscapeLeft UIInterfaceOrientationLandscapeRight";
				INFOPLIST_KEY_UISupportedInterfaceOrientations_iPhone = "UIInterfaceOrientationPortrait UIInterfaceOrientationLandscapeLeft UIInterfaceOrientationLandscapeRight";
				LD_RUNPATH_SEARCH_PATHS = (
					"$(inherited)",
					"@executable_path/Frameworks",
				);
				MARKETING_VERSION = 1.0;
				PRODUCT_BUNDLE_IDENTIFIER = com.joe3524.FaInt06NetflixStyle;
				PRODUCT_NAME = "$(TARGET_NAME)";
				SWIFT_EMIT_LOC_STRINGS = YES;
				SWIFT_VERSION = 5.0;
				TARGETED_DEVICE_FAMILY = "1,2";
			};
			name = Release;
		};
/* End XCBuildConfiguration section */

/* Begin XCConfigurationList section */
		D8F044502BCAC320000CA22C /* Build configuration list for PBXProject "FaInt06NetflixStyle" */ = {
			isa = XCConfigurationList;
			buildConfigurations = (
				D8F044672BCAC322000CA22C /* Debug */,
				D8F044682BCAC322000CA22C /* Release */,
			);
			defaultConfigurationIsVisible = 0;
			defaultConfigurationName = Release;
		};
		D8F044692BCAC322000CA22C /* Build configuration list for PBXNativeTarget "FaInt06NetflixStyle" */ = {
			isa = XCConfigurationList;
			buildConfigurations = (
				D8F0446A2BCAC322000CA22C /* Debug */,
				D8F0446B2BCAC322000CA22C /* Release */,
			);
			defaultConfigurationIsVisible = 0;
			defaultConfigurationName = Release;
		};
/* End XCConfigurationList section */

/* Begin XCRemoteSwiftPackageReference section */
		D8F0446E2BCAC976000CA22C /* XCRemoteSwiftPackageReference "SnapKit" */ = {
			isa = XCRemoteSwiftPackageReference;
			repositoryURL = "https://github.com/SnapKit/SnapKit";
			requirement = {
				kind = upToNextMajorVersion;
				minimumVersion = 5.7.1;
			};
		};
/* End XCRemoteSwiftPackageReference section */

/* Begin XCSwiftPackageProductDependency section */
		D8F0446F2BCAC976000CA22C /* SnapKit */ = {
			isa = XCSwiftPackageProductDependency;
			package = D8F0446E2BCAC976000CA22C /* XCRemoteSwiftPackageReference "SnapKit" */;
			productName = SnapKit;
		};
		D8F044712BCAC976000CA22C /* SnapKit-Dynamic */ = {
			isa = XCSwiftPackageProductDependency;
			package = D8F0446E2BCAC976000CA22C /* XCRemoteSwiftPackageReference "SnapKit" */;
			productName = "SnapKit-Dynamic";
		};
/* End XCSwiftPackageProductDependency section */
	};
	rootObject = D8F0444D2BCAC320000CA22C /* Project object */;
}
